
Microsoft Visual Studio Solution File, Format Version 12.00
# Visual Studio Version 17
VisualStudioVersion = 17.0.32014.148
MinimumVisualStudioVersion = 10.0.40219.1
Project("{FAE04EC0-301F-11D3-BF4B-00C04F79EFBC}") = "Tic_Tac_Toe", "Tic_Tac_Toe.csproj", "{E2FF37E6-AB7D-41AD-9B61-1AACEA1595A6}"
EndProject
Global
	GlobalSection(SolutionConfigurationPlatforms) = preSolution
		Debug|Any CPU = Debug|Any CPU
		Release|Any CPU = Release|Any CPU
	EndGlobalSection
	GlobalSection(ProjectConfigurationPlatforms) = postSolution
		{E2FF37E6-AB7D-41AD-9B61-1AACEA1595A6}.Debug|Any CPU.ActiveCfg = Debug|Any CPU
		{E2FF37E6-AB7D-41AD-9B61-1AACEA1595A6}.Debug|Any CPU.Build.0 = Debug|Any CPU
		{E2FF37E6-AB7D-41AD-9B61-1AACEA1595A6}.Release|Any CPU.ActiveCfg = Release|Any CPU
		{E2FF37E6-AB7D-41AD-9B61-1AACEA1595A6}.Release|Any CPU.Build.0 = Release|Any CPU
	EndGlobalSection
	GlobalSection(SolutionProperties) = preSolution
		HideSolutionNode = FALSE
	EndGlobalSection
	GlobalSection(ExtensibilityGlobals) = postSolution
		SolutionGuid = {1FF30FA1-751B-41FE-83D2-FEE9435704B0}
	EndGlobalSection
EndGlobal
